// !$*UTF8*$!
{
	archiveVersion = 1;
	classes = {
	};
	objectVersion = 77;
	objects = {

/* Begin PBXBuildFile section */
		B434A8112F740F6700C0A79F /* OpenAI in Frameworks */ = {isa = PBXBuildFile; productRef = B434A8102F740F6700C0A79F /* OpenAI */; };
/* End PBXBuildFile section */

/* Begin PBXFileReference section */
		B40817A52F7217BD0037118A /* Receipt.xcodeproj */ = {isa = PBXFileReference; lastKnownFileType = "wrapper.pb-project"; path = Receipt.xcodeproj; sourceTree = "<group>"; };
		B430F9512F4655F5005C59F0 /* Receipt.xcodeproj */ = {isa = PBXFileReference; lastKnownFileType = "wrapper.pb-project"; path = Receipt.xcodeproj; sourceTree = "<group>"; };
		B434A7EE2F740EA900C0A79F /* Receipt.xcodeproj */ = {isa = PBXFileReference; lastKnownFileType = "wrapper.pb-project"; path = Receipt.xcodeproj; sourceTree = "<group>"; };
		B434A83A2F744D8A00C0A79F /* Receipt.xcodeproj */ = {isa = PBXFileReference; lastKnownFileType = "wrapper.pb-project"; path = Receipt.xcodeproj; sourceTree = "<group>"; };
		B44800652F747CA000D5B114 /* Receipt.xcodeproj */ = {isa = PBXFileReference; lastKnownFileType = "wrapper.pb-project"; path = Receipt.xcodeproj; sourceTree = "<group>"; };
		B45921972F7C1E4400206E38 /* Receipt.xcodeproj */ = {isa = PBXFileReference; lastKnownFileType = "wrapper.pb-project"; path = Receipt.xcodeproj; sourceTree = "<group>"; };
		B467F5C62F4F70E700F7401D /* Receipt.xcodeproj */ = {isa = PBXFileReference; lastKnownFileType = "wrapper.pb-project"; path = Receipt.xcodeproj; sourceTree = "<group>"; };
		B46D08062F3E6F6C00CC3205 /* Receipt.xcodeproj */ = {isa = PBXFileReference; lastKnownFileType = "wrapper.pb-project"; path = Receipt.xcodeproj; sourceTree = "<group>"; };
		B46D08612F3FA23500CC3205 /* Receipt.xcodeproj */ = {isa = PBXFileReference; lastKnownFileType = "wrapper.pb-project"; path = Receipt.xcodeproj; sourceTree = "<group>"; };
		B46D08B72F4119E500CC3205 /* Receipt.xcodeproj */ = {isa = PBXFileReference; lastKnownFileType = "wrapper.pb-project"; path = Receipt.xcodeproj; sourceTree = "<group>"; };
		B46D09AB2F4272C200CC3205 /* Receipt.xcodeproj */ = {isa = PBXFileReference; lastKnownFileType = "wrapper.pb-project"; path = Receipt.xcodeproj; sourceTree = "<group>"; };
		B46D0A6F2F43C10600CC3205 /* Receipt.xcodeproj */ = {isa = PBXFileReference; lastKnownFileType = "wrapper.pb-project"; path = Receipt.xcodeproj; sourceTree = "<group>"; };
		B47E892A2F7C3EF9003D3E0C /* Receipt.xcodeproj */ = {isa = PBXFileReference; lastKnownFileType = "wrapper.pb-project"; path = Receipt.xcodeproj; sourceTree = "<group>"; };
		B47E89782F7C6341003D3E0C /* Receipt.xcodeproj */ = {isa = PBXFileReference; lastKnownFileType = "wrapper.pb-project"; path = Receipt.xcodeproj; sourceTree = "<group>"; };
		B49F0FC72F478E7800A5DD95 /* Receipt.xcodeproj */ = {isa = PBXFileReference; lastKnownFileType = "wrapper.pb-project"; path = Receipt.xcodeproj; sourceTree = "<group>"; };
		B4A9A0C42F7C1CF0004616FA /* Receipt.xcodeproj */ = {isa = PBXFileReference; lastKnownFileType = "wrapper.pb-project"; path = Receipt.xcodeproj; sourceTree = "<group>"; };
		B4AA9BE82F7C3EAD004F8196 /* Receipt.xcodeproj */ = {isa = PBXFileReference; lastKnownFileType = "wrapper.pb-project"; path = Receipt.xcodeproj; sourceTree = "<group>"; };
		B4AC2DD42F3D316E006B4248 /* Receipt.xcodeproj */ = {isa = PBXFileReference; lastKnownFileType = "wrapper.pb-project"; path = Receipt.xcodeproj; sourceTree = "<group>"; };
		B4C3D22F2F2AAE880001D9D9 /* Receipt.app */ = {isa = PBXFileReference; explicitFileType = wrapper.application; includeInIndex = 0; path = Receipt.app; sourceTree = BUILT_PRODUCTS_DIR; };
		B4C3D2752F2BDA530001D9D9 /* Receipt.xcodeproj */ = {isa = PBXFileReference; lastKnownFileType = "wrapper.pb-project"; path = Receipt.xcodeproj; sourceTree = "<group>"; };
		B4C3D31F2F3294C20001D9D9 /* Receipt.xcodeproj */ = {isa = PBXFileReference; lastKnownFileType = "wrapper.pb-project"; path = Receipt.xcodeproj; sourceTree = "<group>"; };
		B4D1D9912F33F22A00387A07 /* Receipt.xcodeproj */ = {isa = PBXFileReference; lastKnownFileType = "wrapper.pb-project"; path = Receipt.xcodeproj; sourceTree = "<group>"; };
		B4EA6BFE2F5A36EA002098F2 /* Receipt.xcodeproj */ = {isa = PBXFileReference; lastKnownFileType = "wrapper.pb-project"; path = Receipt.xcodeproj; sourceTree = "<group>"; };
		B4EC13512F58D846004A7337 /* Receipt.xcodeproj */ = {isa = PBXFileReference; lastKnownFileType = "wrapper.pb-project"; path = Receipt.xcodeproj; sourceTree = "<group>"; };
/* End PBXFileReference section */

/* Begin PBXFileSystemSynchronizedRootGroup section */
		B4C3D2312F2AAE880001D9D9 /* Receipt */ = {
			isa = PBXFileSystemSynchronizedRootGroup;
			path = Receipt;
			sourceTree = "<group>";
		};
/* End PBXFileSystemSynchronizedRootGroup section */

/* Begin PBXFrameworksBuildPhase section */
		B4C3D22C2F2AAE880001D9D9 /* Frameworks */ = {
			isa = PBXFrameworksBuildPhase;
			buildActionMask = 2147483647;
			files = (
				B434A8112F740F6700C0A79F /* OpenAI in Frameworks */,
			);
			runOnlyForDeploymentPostprocessing = 0;
		};
/* End PBXFrameworksBuildPhase section */

/* Begin PBXGroup section */
		B40817AB2F7217BD0037118A /* Products */ = {
			isa = PBXGroup;
			children = (
			);
			name = Products;
			sourceTree = "<group>";
		};
		B430F9572F4655F5005C59F0 /* Products */ = {
			isa = PBXGroup;
			children = (
			);
			name = Products;
			sourceTree = "<group>";
		};
		B434A7F42F740EA900C0A79F /* Products */ = {
			isa = PBXGroup;
			children = (
			);
			name = Products;
			sourceTree = "<group>";
		};
		B434A83F2F744D8A00C0A79F /* Products */ = {
			isa = PBXGroup;
			children = (
			);
			name = Products;
			sourceTree = "<group>";
		};
		B448006A2F747CA000D5B114 /* Products */ = {
			isa = PBXGroup;
			children = (
			);
			name = Products;
			sourceTree = "<group>";
		};
		B459219D2F7C1E4400206E38 /* Products */ = {
			isa = PBXGroup;
			children = (
			);
			name = Products;
			sourceTree = "<group>";
		};
		B467F5CC2F4F70E700F7401D /* Products */ = {
			isa = PBXGroup;
			children = (
			);
			name = Products;
			sourceTree = "<group>";
		};
		B46D080C2F3E6F6C00CC3205 /* Products */ = {
			isa = PBXGroup;
			children = (
			);
			name = Products;
			sourceTree = "<group>";
		};
		B46D08672F3FA23500CC3205 /* Products */ = {
			isa = PBXGroup;
			children = (
			);
			name = Products;
			sourceTree = "<group>";
		};
		B46D08BD2F4119E500CC3205 /* Products */ = {
			isa = PBXGroup;
			children = (
			);
			name = Products;
			sourceTree = "<group>";
		};
		B46D09B12F4272C200CC3205 /* Products */ = {
			isa = PBXGroup;
			children = (
			);
			name = Products;
			sourceTree = "<group>";
		};
		B46D0A742F43C10600CC3205 /* Products */ = {
			isa = PBXGroup;
			children = (
			);
			name = Products;
			sourceTree = "<group>";
		};
		B47E89302F7C3EF9003D3E0C /* Products */ = {
			isa = PBXGroup;
			children = (
			);
			name = Products;
			sourceTree = "<group>";
		};
		B47E897E2F7C6341003D3E0C /* Products */ = {
			isa = PBXGroup;
			children = (
			);
			name = Products;
			sourceTree = "<group>";
		};
		B49F0FCD2F478E7800A5DD95 /* Products */ = {
			isa = PBXGroup;
			children = (
			);
			name = Products;
			sourceTree = "<group>";
		};
		B4A9A0C92F7C1CF0004616FA /* Products */ = {
			isa = PBXGroup;
			children = (
			);
			name = Products;
			sourceTree = "<group>";
		};
		B4AA9BEE2F7C3EAD004F8196 /* Products */ = {
			isa = PBXGroup;
			children = (
			);
			name = Products;
			sourceTree = "<group>";
		};
		B4AC2DD92F3D316E006B4248 /* Products */ = {
			isa = PBXGroup;
			children = (
			);
			name = Products;
			sourceTree = "<group>";
		};
		B4C3D2262F2AAE880001D9D9 = {
			isa = PBXGroup;
			children = (
				B4C3D2312F2AAE880001D9D9 /* Receipt */,
				B4C3D2302F2AAE880001D9D9 /* Products */,
			);
			sourceTree = "<group>";
		};
		B4C3D2302F2AAE880001D9D9 /* Products */ = {
			isa = PBXGroup;
			children = (
				B4C3D22F2F2AAE880001D9D9 /* Receipt.app */,
			);
			name = Products;
			sourceTree = "<group>";
		};
		B4C3D2792F2BDA530001D9D9 /* Products */ = {
			isa = PBXGroup;
			children = (
			);
			name = Products;
			sourceTree = "<group>";
		};
		B4C3D3232F3294C20001D9D9 /* Products */ = {
			isa = PBXGroup;
			children = (
			);
			name = Products;
			sourceTree = "<group>";
		};
		B4D1D9952F33F22A00387A07 /* Products */ = {
			isa = PBXGroup;
			children = (
			);
			name = Products;
			sourceTree = "<group>";
		};
		B4EA6C032F5A36EA002098F2 /* Products */ = {
			isa = PBXGroup;
			children = (
			);
			name = Products;
			sourceTree = "<group>";
		};
		B4EC13562F58D846004A7337 /* Products */ = {
			isa = PBXGroup;
			children = (
			);
			name = Products;
			sourceTree = "<group>";
		};
/* End PBXGroup section */

/* Begin PBXNativeTarget section */
		B4C3D22E2F2AAE880001D9D9 /* Receipt */ = {
			isa = PBXNativeTarget;
			buildConfigurationList = B4C3D23A2F2AAE8A0001D9D9 /* Build configuration list for PBXNativeTarget "Receipt" */;
			buildPhases = (
				B4C3D22B2F2AAE880001D9D9 /* Sources */,
				B4C3D22C2F2AAE880001D9D9 /* Frameworks */,
				B4C3D22D2F2AAE880001D9D9 /* Resources */,
			);
			buildRules = (
			);
			dependencies = (
			);
			fileSystemSynchronizedGroups = (
				B4C3D2312F2AAE880001D9D9 /* Receipt */,
			);
			name = Receipt;
			packageProductDependencies = (
				B434A8102F740F6700C0A79F /* OpenAI */,
			);
			productName = Receipt;
			productReference = B4C3D22F2F2AAE880001D9D9 /* Receipt.app */;
			productType = "com.apple.product-type.application";
		};
/* End PBXNativeTarget section */

/* Begin PBXProject section */
		B4C3D2272F2AAE880001D9D9 /* Project object */ = {
			isa = PBXProject;
			attributes = {
				BuildIndependentTargetsInParallel = 1;
				LastSwiftUpdateCheck = 2620;
				LastUpgradeCheck = 2630;
				TargetAttributes = {
					B4C3D22E2F2AAE880001D9D9 = {
						CreatedOnToolsVersion = 26.2;
					};
				};
			};
			buildConfigurationList = B4C3D22A2F2AAE880001D9D9 /* Build configuration list for PBXProject "Receipt" */;
			developmentRegion = en;
			hasScannedForEncodings = 0;
			knownRegions = (
				en,
				Base,
			);
			mainGroup = B4C3D2262F2AAE880001D9D9;
			minimizedProjectReferenceProxies = 1;
			packageReferences = (
				B434A80F2F740F6700C0A79F /* XCRemoteSwiftPackageReference "OpenAI" */,
			);
			preferredProjectObjectVersion = 77;
			productRefGroup = B4C3D2302F2AAE880001D9D9 /* Products */;
			projectDirPath = "";
			projectReferences = (
				{
					ProductGroup = B4D1D9952F33F22A00387A07 /* Products */;
					ProjectRef = B4D1D9912F33F22A00387A07 /* Receipt.xcodeproj */;
				},
				{
					ProductGroup = B46D08BD2F4119E500CC3205 /* Products */;
					ProjectRef = B46D08B72F4119E500CC3205 /* Receipt.xcodeproj */;
				},
				{
					ProductGroup = B4EC13562F58D846004A7337 /* Products */;
					ProjectRef = B4EC13512F58D846004A7337 /* Receipt.xcodeproj */;
				},
				{
					ProductGroup = B4EA6C032F5A36EA002098F2 /* Products */;
					ProjectRef = B4EA6BFE2F5A36EA002098F2 /* Receipt.xcodeproj */;
				},
				{
					ProductGroup = B459219D2F7C1E4400206E38 /* Products */;
					ProjectRef = B45921972F7C1E4400206E38 /* Receipt.xcodeproj */;
				},
				{
					ProductGroup = B4A9A0C92F7C1CF0004616FA /* Products */;
					ProjectRef = B4A9A0C42F7C1CF0004616FA /* Receipt.xcodeproj */;
				},
				{
					ProductGroup = B4AC2DD92F3D316E006B4248 /* Products */;
					ProjectRef = B4AC2DD42F3D316E006B4248 /* Receipt.xcodeproj */;
				},
				{
					ProductGroup = B4AA9BEE2F7C3EAD004F8196 /* Products */;
					ProjectRef = B4AA9BE82F7C3EAD004F8196 /* Receipt.xcodeproj */;
				},
				{
					ProductGroup = B47E89302F7C3EF9003D3E0C /* Products */;
					ProjectRef = B47E892A2F7C3EF9003D3E0C /* Receipt.xcodeproj */;
				},
				{
					ProductGroup = B4C3D3232F3294C20001D9D9 /* Products */;
					ProjectRef = B4C3D31F2F3294C20001D9D9 /* Receipt.xcodeproj */;
				},
				{
					ProductGroup = B434A7F42F740EA900C0A79F /* Products */;
					ProjectRef = B434A7EE2F740EA900C0A79F /* Receipt.xcodeproj */;
				},
				{
					ProductGroup = B448006A2F747CA000D5B114 /* Products */;
					ProjectRef = B44800652F747CA000D5B114 /* Receipt.xcodeproj */;
				},
				{
					ProductGroup = B4C3D2792F2BDA530001D9D9 /* Products */;
					ProjectRef = B4C3D2752F2BDA530001D9D9 /* Receipt.xcodeproj */;
				},
				{
					ProductGroup = B467F5CC2F4F70E700F7401D /* Products */;
					ProjectRef = B467F5C62F4F70E700F7401D /* Receipt.xcodeproj */;
				},
				{
					ProductGroup = B40817AB2F7217BD0037118A /* Products */;
					ProjectRef = B40817A52F7217BD0037118A /* Receipt.xcodeproj */;
				},
				{
					ProductGroup = B46D080C2F3E6F6C00CC3205 /* Products */;
					ProjectRef = B46D08062F3E6F6C00CC3205 /* Receipt.xcodeproj */;
				},
				{
					ProductGroup = B46D0A742F43C10600CC3205 /* Products */;
					ProjectRef = B46D0A6F2F43C10600CC3205 /* Receipt.xcodeproj */;
				},
				{
					ProductGroup = B49F0FCD2F478E7800A5DD95 /* Products */;
					ProjectRef = B49F0FC72F478E7800A5DD95 /* Receipt.xcodeproj */;
				},
				{
					ProductGroup = B430F9572F4655F5005C59F0 /* Products */;
					ProjectRef = B430F9512F4655F5005C59F0 /* Receipt.xcodeproj */;
				},
				{
					ProductGroup = B47E897E2F7C6341003D3E0C /* Products */;
					ProjectRef = B47E89782F7C6341003D3E0C /* Receipt.xcodeproj */;
				},
				{
					ProductGroup = B46D08672F3FA23500CC3205 /* Products */;
					ProjectRef = B46D08612F3FA23500CC3205 /* Receipt.xcodeproj */;
				},
				{
					ProductGroup = B434A83F2F744D8A00C0A79F /* Products */;
					ProjectRef = B434A83A2F744D8A00C0A79F /* Receipt.xcodeproj */;
				},
				{
					ProductGroup = B46D09B12F4272C200CC3205 /* Products */;
					ProjectRef = B46D09AB2F4272C200CC3205 /* Receipt.xcodeproj */;
				},
			);
			projectRoot = "";
			targets = (
				B4C3D22E2F2AAE880001D9D9 /* Receipt */,
			);
		};
/* End PBXProject section */

/* Begin PBXResourcesBuildPhase section */
		B4C3D22D2F2AAE880001D9D9 /* Resources */ = {
			isa = PBXResourcesBuildPhase;
			buildActionMask = 2147483647;
			files = (
			);
			runOnlyForDeploymentPostprocessing = 0;
		};
/* End PBXResourcesBuildPhase section */

/* Begin PBXSourcesBuildPhase section */
		B4C3D22B2F2AAE880001D9D9 /* Sources */ = {
			isa = PBXSourcesBuildPhase;
			buildActionMask = 2147483647;
			files = (
			);
			runOnlyForDeploymentPostprocessing = 0;
		};
/* End PBXSourcesBuildPhase section */

/* Begin XCBuildConfiguration section */
		B4C3D2382F2AAE8A0001D9D9 /* Debug */ = {
			isa = XCBuildConfiguration;
			buildSettings = {
				ALWAYS_SEARCH_USER_PATHS = NO;
				ASSETCATALOG_COMPILER_GENERATE_SWIFT_ASSET_SYMBOL_EXTENSIONS = YES;
				CLANG_ANALYZER_NONNULL = YES;
				CLANG_ANALYZER_NUMBER_OBJECT_CONVERSION = YES_AGGRESSIVE;
				CLANG_CXX_LANGUAGE_STANDARD = "gnu++20";
				CLANG_ENABLE_MODULES = YES;
				CLANG_ENABLE_OBJC_ARC = YES;
				CLANG_ENABLE_OBJC_WEAK = YES;
				CLANG_WARN_BLOCK_CAPTURE_AUTORELEASING = YES;
				CLANG_WARN_BOOL_CONVERSION = YES;
				CLANG_WARN_COMMA = YES;
				CLANG_WARN_CONSTANT_CONVERSION = YES;
				CLANG_WARN_DEPRECATED_OBJC_IMPLEMENTATIONS = YES;
				CLANG_WARN_DIRECT_OBJC_ISA_USAGE = YES_ERROR;
				CLANG_WARN_DOCUMENTATION_COMMENTS = YES;
				CLANG_WARN_EMPTY_BODY = YES;
				CLANG_WARN_ENUM_CONVERSION = YES;
				CLANG_WARN_INFINITE_RECURSION = YES;
				CLANG_WARN_INT_CONVERSION = YES;
				CLANG_WARN_NON_LITERAL_NULL_CONVERSION = YES;
				CLANG_WARN_OBJC_IMPLICIT_RETAIN_SELF = YES;
				CLANG_WARN_OBJC_LITERAL_CONVERSION = YES;
				CLANG_WARN_OBJC_ROOT_CLASS = YES_ERROR;
				CLANG_WARN_QUOTED_INCLUDE_IN_FRAMEWORK_HEADER = YES;
				CLANG_WARN_RANGE_LOOP_ANALYSIS = YES;
				CLANG_WARN_STRICT_PROTOTYPES = YES;
				CLANG_WARN_SUSPICIOUS_MOVE = YES;
				CLANG_WARN_UNGUARDED_AVAILABILITY = YES_AGGRESSIVE;
				CLANG_WARN_UNREACHABLE_CODE = YES;
				CLANG_WARN__DUPLICATE_METHOD_MATCH = YES;
				COPY_PHASE_STRIP = NO;
				DEBUG_INFORMATION_FORMAT = dwarf;
				DEVELOPMENT_TEAM = 4LZXBNSNHC;
				ENABLE_STRICT_OBJC_MSGSEND = YES;
				ENABLE_TESTABILITY = YES;
				ENABLE_USER_SCRIPT_SANDBOXING = YES;
				GCC_C_LANGUAGE_STANDARD = gnu17;
				GCC_DYNAMIC_NO_PIC = NO;
				GCC_NO_COMMON_BLOCKS = YES;
				GCC_OPTIMIZATION_LEVEL = 0;
				GCC_PREPROCESSOR_DEFINITIONS = (
					"DEBUG=1",
					"$(inherited)",
				);
				GCC_WARN_64_TO_32_BIT_CONVERSION = YES;
				GCC_WARN_ABOUT_RETURN_TYPE = YES_ERROR;
				GCC_WARN_UNDECLARED_SELECTOR = YES;
				GCC_WARN_UNINITIALIZED_AUTOS = YES_AGGRESSIVE;
				GCC_WARN_UNUSED_FUNCTION = YES;
				GCC_WARN_UNUSED_VARIABLE = YES;
				IPHONEOS_DEPLOYMENT_TARGET = 26.2;
				LOCALIZATION_PREFERS_STRING_CATALOGS = YES;
				MTL_ENABLE_DEBUG_INFO = INCLUDE_SOURCE;
				MTL_FAST_MATH = YES;
				ONLY_ACTIVE_ARCH = YES;
				SDKROOT = iphoneos;
				STRING_CATALOG_GENERATE_SYMBOLS = YES;
				SWIFT_ACTIVE_COMPILATION_CONDITIONS = "DEBUG $(inherited)";
				SWIFT_OPTIMIZATION_LEVEL = "-Onone";
			};
			name = Debug;
		};
		B4C3D2392F2AAE8A0001D9D9 /* Release */ = {
			isa = XCBuildConfiguration;
			buildSettings = {
				ALWAYS_SEARCH_USER_PATHS = NO;
				ASSETCATALOG_COMPILER_GENERATE_SWIFT_ASSET_SYMBOL_EXTENSIONS = YES;
				CLANG_ANALYZER_NONNULL = YES;
				CLANG_ANALYZER_NUMBER_OBJECT_CONVERSION = YES_AGGRESSIVE;
				CLANG_CXX_LANGUAGE_STANDARD = "gnu++20";
				CLANG_ENABLE_MODULES = YES;
				CLANG_ENABLE_OBJC_ARC = YES;
				CLANG_ENABLE_OBJC_WEAK = YES;
				CLANG_WARN_BLOCK_CAPTURE_AUTORELEASING = YES;
				CLANG_WARN_BOOL_CONVERSION = YES;
				CLANG_WARN_COMMA = YES;
				CLANG_WARN_CONSTANT_CONVERSION = YES;
				CLANG_WARN_DEPRECATED_OBJC_IMPLEMENTATIONS = YES;
				CLANG_WARN_DIRECT_OBJC_ISA_USAGE = YES_ERROR;
				CLANG_WARN_DOCUMENTATION_COMMENTS = YES;
				CLANG_WARN_EMPTY_BODY = YES;
				CLANG_WARN_ENUM_CONVERSION = YES;
				CLANG_WARN_INFINITE_RECURSION = YES;
				CLANG_WARN_INT_CONVERSION = YES;
				CLANG_WARN_NON_LITERAL_NULL_CONVERSION = YES;
				CLANG_WARN_OBJC_IMPLICIT_RETAIN_SELF = YES;
				CLANG_WARN_OBJC_LITERAL_CONVERSION = YES;
				CLANG_WARN_OBJC_ROOT_CLASS = YES_ERROR;
				CLANG_WARN_QUOTED_INCLUDE_IN_FRAMEWORK_HEADER = YES;
				CLANG_WARN_RANGE_LOOP_ANALYSIS = YES;
				CLANG_WARN_STRICT_PROTOTYPES = YES;
				CLANG_WARN_SUSPICIOUS_MOVE = YES;
				CLANG_WARN_UNGUARDED_AVAILABILITY = YES_AGGRESSIVE;
				CLANG_WARN_UNREACHABLE_CODE = YES;
				CLANG_WARN__DUPLICATE_METHOD_MATCH = YES;
				COPY_PHASE_STRIP = NO;
				DEBUG_INFORMATION_FORMAT = "dwarf-with-dsym";
				DEVELOPMENT_TEAM = 4LZXBNSNHC;
				ENABLE_NS_ASSERTIONS = NO;
				ENABLE_STRICT_OBJC_MSGSEND = YES;
				ENABLE_USER_SCRIPT_SANDBOXING = YES;
				GCC_C_LANGUAGE_STANDARD = gnu17;
				GCC_NO_COMMON_BLOCKS = YES;
				GCC_WARN_64_TO_32_BIT_CONVERSION = YES;
				GCC_WARN_ABOUT_RETURN_TYPE = YES_ERROR;
				GCC_WARN_UNDECLARED_SELECTOR = YES;
				GCC_WARN_UNINITIALIZED_AUTOS = YES_AGGRESSIVE;
				GCC_WARN_UNUSED_FUNCTION = YES;
				GCC_WARN_UNUSED_VARIABLE = YES;
				IPHONEOS_DEPLOYMENT_TARGET = 26.2;
				LOCALIZATION_PREFERS_STRING_CATALOGS = YES;
				MTL_ENABLE_DEBUG_INFO = NO;
				MTL_FAST_MATH = YES;
				SDKROOT = iphoneos;
				STRING_CATALOG_GENERATE_SYMBOLS = YES;
				SWIFT_COMPILATION_MODE = wholemodule;
				VALIDATE_PRODUCT = YES;
			};
			name = Release;
		};
		B4C3D23B2F2AAE8A0001D9D9 /* Debug */ = {
			isa = XCBuildConfiguration;
			buildSettings = {
				ASSETCATALOG_COMPILER_APPICON_NAME = AppIcon;
				ASSETCATALOG_COMPILER_GLOBAL_ACCENT_COLOR_NAME = AccentColor;
				CODE_SIGN_STYLE = Automatic;
				CURRENT_PROJECT_VERSION = 1;
				DEVELOPMENT_TEAM = 4LZXBNSNHC;
				ENABLE_PREVIEWS = YES;
				GENERATE_INFOPLIST_FILE = YES;
				INFOPLIST_KEY_NSFaceIDUsageDescription = "Use Face ID to securely unlock your Receipt app.";
				INFOPLIST_KEY_UIApplicationSceneManifest_Generation = YES;
				INFOPLIST_KEY_UIApplicationSupportsIndirectInputEvents = YES;
				INFOPLIST_KEY_UILaunchScreen_Generation = YES;
				INFOPLIST_KEY_UISupportedInterfaceOrientations_iPad = "UIInterfaceOrientationPortrait UIInterfaceOrientationPortraitUpsideDown UIInterfaceOrientationLandscapeLeft UIInterfaceOrientationLandscapeRight";
				INFOPLIST_KEY_UISupportedInterfaceOrientations_iPhone = "UIInterfaceOrientationPortrait UIInterfaceOrientationLandscapeLeft UIInterfaceOrientationLandscapeRight";
				LD_RUNPATH_SEARCH_PATHS = (
					"$(inherited)",
					"@executable_path/Frameworks",
				);
				MARKETING_VERSION = 1.0;
				PRODUCT_BUNDLE_IDENTIFIER = BenLanglois.Receipt;
				PRODUCT_NAME = "$(TARGET_NAME)";
				STRING_CATALOG_GENERATE_SYMBOLS = YES;
				SWIFT_APPROACHABLE_CONCURRENCY = YES;
				SWIFT_DEFAULT_ACTOR_ISOLATION = MainActor;
				SWIFT_EMIT_LOC_STRINGS = YES;
				SWIFT_UPCOMING_FEATURE_MEMBER_IMPORT_VISIBILITY = YES;
				SWIFT_VERSION = 5.0;
				TARGETED_DEVICE_FAMILY = "1,2";
			};
			name = Debug;
		};
		B4C3D23C2F2AAE8A0001D9D9 /* Release */ = {
			isa = XCBuildConfiguration;
			buildSettings = {
				ASSETCATALOG_COMPILER_APPICON_NAME = AppIcon;
				ASSETCATALOG_COMPILER_GLOBAL_ACCENT_COLOR_NAME = AccentColor;
				CODE_SIGN_STYLE = Automatic;
				CURRENT_PROJECT_VERSION = 1;
				DEVELOPMENT_TEAM = 4LZXBNSNHC;
				ENABLE_PREVIEWS = YES;
				GENERATE_INFOPLIST_FILE = YES;
				INFOPLIST_KEY_NSFaceIDUsageDescription = "Use Face ID to securely unlock your Receipt app.";
				INFOPLIST_KEY_UIApplicationSceneManifest_Generation = YES;
				INFOPLIST_KEY_UIApplicationSupportsIndirectInputEvents = YES;
				INFOPLIST_KEY_UILaunchScreen_Generation = YES;
				INFOPLIST_KEY_UISupportedInterfaceOrientations_iPad = "UIInterfaceOrientationPortrait UIInterfaceOrientationPortraitUpsideDown UIInterfaceOrientationLandscapeLeft UIInterfaceOrientationLandscapeRight";
				INFOPLIST_KEY_UISupportedInterfaceOrientations_iPhone = "UIInterfaceOrientationPortrait UIInterfaceOrientationLandscapeLeft UIInterfaceOrientationLandscapeRight";
				LD_RUNPATH_SEARCH_PATHS = (
					"$(inherited)",
					"@executable_path/Frameworks",
				);
				MARKETING_VERSION = 1.0;
				PRODUCT_BUNDLE_IDENTIFIER = BenLanglois.Receipt;
				PRODUCT_NAME = "$(TARGET_NAME)";
				STRING_CATALOG_GENERATE_SYMBOLS = YES;
				SWIFT_APPROACHABLE_CONCURRENCY = YES;
				SWIFT_DEFAULT_ACTOR_ISOLATION = MainActor;
				SWIFT_EMIT_LOC_STRINGS = YES;
				SWIFT_UPCOMING_FEATURE_MEMBER_IMPORT_VISIBILITY = YES;
				SWIFT_VERSION = 5.0;
				TARGETED_DEVICE_FAMILY = "1,2";
			};
			name = Release;
		};
/* End XCBuildConfiguration section */

/* Begin XCConfigurationList section */
		B4C3D22A2F2AAE880001D9D9 /* Build configuration list for PBXProject "Receipt" */ = {
			isa = XCConfigurationList;
			buildConfigurations = (
				B4C3D2382F2AAE8A0001D9D9 /* Debug */,
				B4C3D2392F2AAE8A0001D9D9 /* Release */,
			);
			defaultConfigurationIsVisible = 0;
			defaultConfigurationName = Release;
		};
		B4C3D23A2F2AAE8A0001D9D9 /* Build configuration list for PBXNativeTarget "Receipt" */ = {
			isa = XCConfigurationList;
			buildConfigurations = (
				B4C3D23B2F2AAE8A0001D9D9 /* Debug */,
				B4C3D23C2F2AAE8A0001D9D9 /* Release */,
			);
			defaultConfigurationIsVisible = 0;
			defaultConfigurationName = Release;
		};
/* End XCConfigurationList section */

/* Begin XCRemoteSwiftPackageReference section */
		B434A80F2F740F6700C0A79F /* XCRemoteSwiftPackageReference "OpenAI" */ = {
			isa = XCRemoteSwiftPackageReference;
			repositoryURL = "https://github.com/MacPaw/OpenAI";
			requirement = {
				kind = exactVersion;
				version = 0.2.5;
			};
		};
/* End XCRemoteSwiftPackageReference section */

/* Begin XCSwiftPackageProductDependency section */
		B434A8102F740F6700C0A79F /* OpenAI */ = {
			isa = XCSwiftPackageProductDependency;
			package = B434A80F2F740F6700C0A79F /* XCRemoteSwiftPackageReference "OpenAI" */;
			productName = OpenAI;
		};
/* End XCSwiftPackageProductDependency section */
	};
	rootObject = B4C3D2272F2AAE880001D9D9 /* Project object */;
}
